<?xml version="1.0" encoding="utf-8"?>
<Project ToolsVersion="4.0" xmlns="http://schemas.microsoft.com/developer/msbuild/2003">
  <ItemGroup>
    <Filter Include="Source Files">
      <UniqueIdentifier>{4FC737F1-C7A5-4376-A066-2A32D752A2FF}</UniqueIdentifier>
      <Extensions>cpp;c;cc;cxx;c++;cppm;ixx;def;odl;idl;hpj;bat;asm;asmx</Extensions>
    </Filter>
    <Filter Include="Header Files">
      <UniqueIdentifier>{93995380-89BD-4b04-88EB-625FBE52EBFB}</UniqueIdentifier>
      <Extensions>h;hh;hpp;hxx;h++;hm;inl;inc;ipp;xsd</Extensions>
    </Filter>
    <Filter Include="Resource Files">
      <UniqueIdentifier>{67DA6AB6-F800-4c08-8B7A-83BB121AAD01}</UniqueIdentifier>
      <Extensions>rc;ico;cur;bmp;dlg;rc2;rct;bin;rgs;gif;jpg;jpeg;jpe;resx;tiff;tif;png;wav;mfcribbon-ms</Extensions>
    </Filter>
    <Filter Include="SDK">
      <UniqueIdentifier>{b086544b-e6cc-4b5e-8220-54710911d66f}</UniqueIdentifier>
    </Filter>
    <Filter Include="Header Files\Transitions">
      <UniqueIdentifier>{ea6d0e8b-809a-4b4d-a38e-510d798450b6}</UniqueIdentifier>
    </Filter>
    <Filter Include="Source Files\Transitions">
      <UniqueIdentifier>{efe7bcdf-8ff2-43e2-8aa1-4a4694d92555}</UniqueIdentifier>
    </Filter>
  </ItemGroup>
  <ItemGroup>
    <ClCompile Include="TransitionAPI.cpp">
      <Filter>Source Files</Filter>
    </ClCompile>
    <ClCompile Include="..\..\Lib\nSDKTrans.cpp">
      <Filter>SDK</Filter>
    </ClCompile>
    <ClCompile Include="Sample.cpp">
      <Filter>Source Files\Transitions</Filter>
    </ClCompile>
  </ItemGroup>
  <ItemGroup>
    <ClInclude Include="TransitionModule.hpp">
      <Filter>Header Files</Filter>
    </ClInclude>
    <ClInclude Include="..\..\Inc\nSDKTransExports.hpp">
      <Filter>SDK</Filter>
    </ClInclude>
    <ClInclude Include="..\..\Inc\nSDKTrans.hpp">
      <Filter>SDK</Filter>
    </ClInclude>
    <ClInclude Include="Resource.h">
      <Filter>Header Files</Filter>
    </ClInclude>
    <ClInclude Include="Sample.hpp">
      <Filter>Header Files\Transitions</Filter>
    </ClInclude>
    <ClInclude Include="..\..\Inc\BlitMac.h">
      <Filter>SDK</Filter>
    </ClInclude>
    <ClInclude Include="..\..\Inc\Ccx.h">
      <Filter>SDK</Filter>
    </ClInclude>
    <ClInclude Include="..\..\Inc\Ccxhdr.h">
      <Filter>SDK</Filter>
    </ClInclude>
    <ClInclude Include="..\..\Inc\CfcError.h">
      <Filter>SDK</Filter>
    </ClInclude>
    <ClInclude Include="..\..\Inc\CfcFile.h">
      <Filter>SDK</Filter>
    </ClInclude>
    <ClInclude Include="..\..\Inc\CFCMacro.h">
      <Filter>SDK</Filter>
    </ClInclude>
    <ClInclude Include="..\..\Inc\Cncf.h">
      <Filter>SDK</Filter>
    </ClInclude>
    <ClInclude Include="..\..\Inc\cncr.h">
      <Filter>SDK</Filter>
    </ClInclude>
    <ClInclude Include="..\..\Inc\Cncy.h">
      <Filter>SDK</Filter>
    </ClInclude>
    <ClInclude Include="..\..\Inc\Cnpdll.h">
      <Filter>SDK</Filter>
    </ClInclude>
    <ClInclude Include="..\..\Inc\colors.h">
      <Filter>SDK</Filter>
    </ClInclude>
    <ClInclude Include="..\..\Inc\D3dSurfInfo.h">
      <Filter>SDK</Filter>
    </ClInclude>
    <ClInclude Include="..\..\Inc\EffectEx.h">
      <Filter>SDK</Filter>
    </ClInclude>
    <ClInclude Include="..\..\Inc\EVTCCX.H">
      <Filter>SDK</Filter>
    </ClInclude>
    <ClInclude Include="..\..\Inc\Fill.h">
      <Filter>SDK</Filter>
    </ClInclude>
    <ClInclude Include="..\..\Inc\FilterMgr.h">
      <Filter>SDK</Filter>
    </ClInclude>
    <ClInclude Include="..\..\Inc\ImageFlt.h">
      <Filter>SDK</Filter>
    </ClInclude>
    <ClInclude Include="..\..\Inc\ImgFlt.h">
      <Filter>SDK</Filter>
    </ClInclude>
    <ClInclude Include="..\..\Inc\ImgFltDefs.h">
      <Filter>SDK</Filter>
    </ClInclude>
    <ClInclude Include="..\..\Inc\Mvt.h">
      <Filter>SDK</Filter>
    </ClInclude>
    <ClInclude Include="..\..\Inc\nSDK.hpp">
      <Filter>SDK</Filter>
    </ClInclude>
    <ClInclude Include="..\..\Inc\nSDKCommon.hpp">
      <Filter>SDK</Filter>
    </ClInclude>
    <ClInclude Include="..\..\Inc\Palet.h">
      <Filter>SDK</Filter>
    </ClInclude>
    <ClInclude Include="..\..\Inc\PaletCpp.h">
      <Filter>SDK</Filter>
    </ClInclude>
    <ClInclude Include="..\..\Inc\PictEdDefs.h">
      <Filter>SDK</Filter>
    </ClInclude>
    <ClInclude Include="..\..\Inc\Props.h">
      <Filter>SDK</Filter>
    </ClInclude>
    <ClInclude Include="..\..\Inc\PTYPE.H">
      <Filter>SDK</Filter>
    </ClInclude>
    <ClInclude Include="..\..\Inc\SndDefs.h">
      <Filter>SDK</Filter>
    </ClInclude>
    <ClInclude Include="..\..\Inc\SoundConverter.h">
      <Filter>SDK</Filter>
    </ClInclude>
    <ClInclude Include="..\..\Inc\SoundError.h">
      <Filter>SDK</Filter>
    </ClInclude>
    <ClInclude Include="..\..\Inc\SoundFilter.h">
      <Filter>SDK</Filter>
    </ClInclude>
    <ClInclude Include="..\..\Inc\SoundFilterMgr.h">
      <Filter>SDK</Filter>
    </ClInclude>
    <ClInclude Include="..\..\Inc\StdDefs.h">
      <Filter>SDK</Filter>
    </ClInclude>
    <ClInclude Include="..\..\Inc\Surface.h">
      <Filter>SDK</Filter>
    </ClInclude>
    <ClInclude Include="..\..\Inc\SurfaceDefs.h">
      <Filter>SDK</Filter>
    </ClInclude>
    <ClInclude Include="..\..\Inc\TigsExt.hpp">
      <Filter>SDK</Filter>
    </ClInclude>
    <ClInclude Include="..\..\Inc\WinMacro.h">
      <Filter>SDK</Filter>
    </ClInclude>
  </ItemGroup>
  <ItemGroup>
    <ResourceCompile Include="TransitionModule.rc">
      <Filter>Resource Files</Filter>
    </ResourceCompile>
  </ItemGroup>
</Project>